
Microsoft Visual Studio Solution File, Format Version 12.00
# Visual Studio Version 17
VisualStudioVersion = 17.2.32616.157
MinimumVisualStudioVersion = 10.0.40219.1
Project("{FAE04EC0-301F-11D3-BF4B-00C04F79EFBC}") = "Sudoku", "Sudoku\Sudoku.csproj", "{8F903FFC-5771-4D8F-BC72-1AEA81B58037}"
EndProject
Global
	GlobalSection(SolutionConfigurationPlatforms) = preSolution
		Debug|Any CPU = Debug|Any CPU
		Release|Any CPU = Release|Any CPU
	EndGlobalSection
	GlobalSection(ProjectConfigurationPlatforms) = postSolution
		{8F903FFC-5771-4D8F-BC72-1AEA81B58037}.Debug|Any CPU.ActiveCfg = Debug|Any CPU
		{8F903FFC-5771-4D8F-BC72-1AEA81B58037}.Debug|Any CPU.Build.0 = Debug|Any CPU
		{8F903FFC-5771-4D8F-BC72-1AEA81B58037}.Release|Any CPU.ActiveCfg = Release|Any CPU
		{8F903FFC-5771-4D8F-BC72-1AEA81B58037}.Release|Any CPU.Build.0 = Release|Any CPU
	EndGlobalSection
	GlobalSection(SolutionProperties) = preSolution
		HideSolutionNode = FALSE
	EndGlobalSection
	GlobalSection(ExtensibilityGlobals) = postSolution
		SolutionGuid = {5C54D421-5AA7-455A-A0BF-4028F68A6A56}
	EndGlobalSection
EndGlobal
